
Microsoft Visual Studio Solution File, Format Version 12.00
# Visual Studio 15
VisualStudioVersion = 15.0.26730.16
MinimumVisualStudioVersion = 10.0.40219.1
Project("{FAE04EC0-301F-11D3-BF4B-00C04F79EFBC}") = "CSharpLibrary", "CSharpLibrary\CSharpLibrary.csproj", "{41DA7173-BB84-445D-8990-20D2BABA3EDA}"
EndProject
Project("{FAE04EC0-301F-11D3-BF4B-00C04F79EFBC}") = "0.01_Intro", "0.01_Intro\0.01_Intro.csproj", "{584D56EB-9043-4586-A499-E3A1885CB040}"
EndProject
Project("{FAE04EC0-301F-11D3-BF4B-00C04F79EFBC}") = "0.02_BasicTypes", "0.02_BasicTypes\0.02_BasicTypes.csproj", "{473A5EF8-258C-450D-A0C5-B668E6CBAE14}"
EndProject
Project("{FAE04EC0-301F-11D3-BF4B-00C04F79EFBC}") = "0.02_BasicTypesChallenges", "0.02_BasicTypesChallenges\0.02_BasicTypesChallenges.csproj", "{88791771-B528-416C-8DD3-7663371D4891}"
EndProject
Project("{FAE04EC0-301F-11D3-BF4B-00C04F79EFBC}") = "0.03_Strings", "0.03_Strings\0.03_Strings.csproj", "{859F886F-D1F6-4ED4-8A04-D8A6DCBBCF71}"
EndProject
Project("{FAE04EC0-301F-11D3-BF4B-00C04F79EFBC}") = "0.04_StringChallenges", "0.04_StringChallenges\0.04_StringChallenges.csproj", "{7BA2ECEF-6F88-4194-9FAE-2CE3C4C8E890}"
EndProject
Project("{FAE04EC0-301F-11D3-BF4B-00C04F79EFBC}") = "0.04_Conditionals", "0.04_Conditionals\0.04_Conditionals.csproj", "{6E8F11B6-80DE-4248-AE75-A677962B6252}"
EndProject
Project("{FAE04EC0-301F-11D3-BF4B-00C04F79EFBC}") = "0.04_Conditionals2", "0.04_Conditionals2\0.04_Conditionals2.csproj", "{79402FA2-AF8D-488A-AA0E-1E01D83CB379}"
EndProject
Project("{FAE04EC0-301F-11D3-BF4B-00C04F79EFBC}") = "0.05_SwitchCase", "0.05_SwitchCase\0.05_SwitchCase.csproj", "{B41FFD31-4FCE-4E11-8016-0F14B2E63A07}"
EndProject
Project("{FAE04EC0-301F-11D3-BF4B-00C04F79EFBC}") = "0.06_ForLoops", "0.06_ForLoops\0.06_ForLoops.csproj", "{8EC433BC-A458-4FB6-A4ED-37746478C9BB}"
EndProject
Project("{FAE04EC0-301F-11D3-BF4B-00C04F79EFBC}") = "0.07_Objects", "0.07_Objects\0.07_Objects.csproj", "{D2E83519-5CBD-45CA-9D43-A03B0C6E3002}"
EndProject
Global
	GlobalSection(SolutionConfigurationPlatforms) = preSolution
		Debug|Any CPU = Debug|Any CPU
		Release|Any CPU = Release|Any CPU
	EndGlobalSection
	GlobalSection(ProjectConfigurationPlatforms) = postSolution
		{41DA7173-BB84-445D-8990-20D2BABA3EDA}.Debug|Any CPU.ActiveCfg = Debug|Any CPU
		{41DA7173-BB84-445D-8990-20D2BABA3EDA}.Debug|Any CPU.Build.0 = Debug|Any CPU
		{41DA7173-BB84-445D-8990-20D2BABA3EDA}.Release|Any CPU.ActiveCfg = Release|Any CPU
		{41DA7173-BB84-445D-8990-20D2BABA3EDA}.Release|Any CPU.Build.0 = Release|Any CPU
		{584D56EB-9043-4586-A499-E3A1885CB040}.Debug|Any CPU.ActiveCfg = Debug|Any CPU
		{584D56EB-9043-4586-A499-E3A1885CB040}.Debug|Any CPU.Build.0 = Debug|Any CPU
		{584D56EB-9043-4586-A499-E3A1885CB040}.Release|Any CPU.ActiveCfg = Release|Any CPU
		{584D56EB-9043-4586-A499-E3A1885CB040}.Release|Any CPU.Build.0 = Release|Any CPU
		{473A5EF8-258C-450D-A0C5-B668E6CBAE14}.Debug|Any CPU.ActiveCfg = Debug|Any CPU
		{473A5EF8-258C-450D-A0C5-B668E6CBAE14}.Debug|Any CPU.Build.0 = Debug|Any CPU
		{473A5EF8-258C-450D-A0C5-B668E6CBAE14}.Release|Any CPU.ActiveCfg = Release|Any CPU
		{473A5EF8-258C-450D-A0C5-B668E6CBAE14}.Release|Any CPU.Build.0 = Release|Any CPU
		{88791771-B528-416C-8DD3-7663371D4891}.Debug|Any CPU.ActiveCfg = Debug|Any CPU
		{88791771-B528-416C-8DD3-7663371D4891}.Debug|Any CPU.Build.0 = Debug|Any CPU
		{88791771-B528-416C-8DD3-7663371D4891}.Release|Any CPU.ActiveCfg = Release|Any CPU
		{88791771-B528-416C-8DD3-7663371D4891}.Release|Any CPU.Build.0 = Release|Any CPU
		{859F886F-D1F6-4ED4-8A04-D8A6DCBBCF71}.Debug|Any CPU.ActiveCfg = Debug|Any CPU
		{859F886F-D1F6-4ED4-8A04-D8A6DCBBCF71}.Debug|Any CPU.Build.0 = Debug|Any CPU
		{859F886F-D1F6-4ED4-8A04-D8A6DCBBCF71}.Release|Any CPU.ActiveCfg = Release|Any CPU
		{859F886F-D1F6-4ED4-8A04-D8A6DCBBCF71}.Release|Any CPU.Build.0 = Release|Any CPU
		{7BA2ECEF-6F88-4194-9FAE-2CE3C4C8E890}.Debug|Any CPU.ActiveCfg = Debug|Any CPU
		{7BA2ECEF-6F88-4194-9FAE-2CE3C4C8E890}.Debug|Any CPU.Build.0 = Debug|Any CPU
		{7BA2ECEF-6F88-4194-9FAE-2CE3C4C8E890}.Release|Any CPU.ActiveCfg = Release|Any CPU
		{7BA2ECEF-6F88-4194-9FAE-2CE3C4C8E890}.Release|Any CPU.Build.0 = Release|Any CPU
		{6E8F11B6-80DE-4248-AE75-A677962B6252}.Debug|Any CPU.ActiveCfg = Debug|Any CPU
		{6E8F11B6-80DE-4248-AE75-A677962B6252}.Debug|Any CPU.Build.0 = Debug|Any CPU
		{6E8F11B6-80DE-4248-AE75-A677962B6252}.Release|Any CPU.ActiveCfg = Release|Any CPU
		{6E8F11B6-80DE-4248-AE75-A677962B6252}.Release|Any CPU.Build.0 = Release|Any CPU
		{79402FA2-AF8D-488A-AA0E-1E01D83CB379}.Debug|Any CPU.ActiveCfg = Debug|Any CPU
		{79402FA2-AF8D-488A-AA0E-1E01D83CB379}.Debug|Any CPU.Build.0 = Debug|Any CPU
		{79402FA2-AF8D-488A-AA0E-1E01D83CB379}.Release|Any CPU.ActiveCfg = Release|Any CPU
		{79402FA2-AF8D-488A-AA0E-1E01D83CB379}.Release|Any CPU.Build.0 = Release|Any CPU
		{B41FFD31-4FCE-4E11-8016-0F14B2E63A07}.Debug|Any CPU.ActiveCfg = Debug|Any CPU
		{B41FFD31-4FCE-4E11-8016-0F14B2E63A07}.Debug|Any CPU.Build.0 = Debug|Any CPU
		{B41FFD31-4FCE-4E11-8016-0F14B2E63A07}.Release|Any CPU.ActiveCfg = Release|Any CPU
		{B41FFD31-4FCE-4E11-8016-0F14B2E63A07}.Release|Any CPU.Build.0 = Release|Any CPU
		{8EC433BC-A458-4FB6-A4ED-37746478C9BB}.Debug|Any CPU.ActiveCfg = Debug|Any CPU
		{8EC433BC-A458-4FB6-A4ED-37746478C9BB}.Debug|Any CPU.Build.0 = Debug|Any CPU
		{8EC433BC-A458-4FB6-A4ED-37746478C9BB}.Release|Any CPU.ActiveCfg = Release|Any CPU
		{8EC433BC-A458-4FB6-A4ED-37746478C9BB}.Release|Any CPU.Build.0 = Release|Any CPU
		{D2E83519-5CBD-45CA-9D43-A03B0C6E3002}.Debug|Any CPU.ActiveCfg = Debug|Any CPU
		{D2E83519-5CBD-45CA-9D43-A03B0C6E3002}.Debug|Any CPU.Build.0 = Debug|Any CPU
		{D2E83519-5CBD-45CA-9D43-A03B0C6E3002}.Release|Any CPU.ActiveCfg = Release|Any CPU
		{D2E83519-5CBD-45CA-9D43-A03B0C6E3002}.Release|Any CPU.Build.0 = Release|Any CPU
	EndGlobalSection
	GlobalSection(SolutionProperties) = preSolution
		HideSolutionNode = FALSE
	EndGlobalSection
	GlobalSection(ExtensibilityGlobals) = postSolution
		SolutionGuid = {6D907E18-F409-4CF8-8C5D-71CED354211A}
	EndGlobalSection
EndGlobal
